
Microsoft Visual Studio Solution File, Format Version 12.00
# Visual Studio Version 16
VisualStudioVersion = 16.0.29025.244
MinimumVisualStudioVersion = 10.0.40219.1
Project("{FAE04EC0-301F-11D3-BF4B-00C04F79EFBC}") = "grpc-chat-server", "grpc-chat-server.csproj", "{F7A52C6D-02B7-4E8E-842E-C1A1DCCBABC9}"
EndProject
Global
	GlobalSection(SolutionConfigurationPlatforms) = preSolution
		Debug|Any CPU = Debug|Any CPU
		Release|Any CPU = Release|Any CPU
	EndGlobalSection
	GlobalSection(ProjectConfigurationPlatforms) = postSolution
		{F7A52C6D-02B7-4E8E-842E-C1A1DCCBABC9}.Debug|Any CPU.ActiveCfg = Debug|Any CPU
		{F7A52C6D-02B7-4E8E-842E-C1A1DCCBABC9}.Debug|Any CPU.Build.0 = Debug|Any CPU
		{F7A52C6D-02B7-4E8E-842E-C1A1DCCBABC9}.Release|Any CPU.ActiveCfg = Release|Any CPU
		{F7A52C6D-02B7-4E8E-842E-C1A1DCCBABC9}.Release|Any CPU.Build.0 = Release|Any CPU
	EndGlobalSection
	GlobalSection(SolutionProperties) = preSolution
		HideSolutionNode = FALSE
	EndGlobalSection
	GlobalSection(ExtensibilityGlobals) = postSolution
		SolutionGuid = {5813F496-5C04-436A-8B12-CC0C8A82E5B6}
	EndGlobalSection
EndGlobal
